
Microsoft Visual Studio Solution File, Format Version 12.00
# Visual Studio Version 17
VisualStudioVersion = 17.2.32630.192
MinimumVisualStudioVersion = 10.0.40219.1
Project("{FAE04EC0-301F-11D3-BF4B-00C04F79EFBC}") = "OrderTruckComparison", "OrderTruckComparison.csproj", "{5D8D4ECA-BB06-4E95-9FDE-44EAAFB6F7F7}"
EndProject
Project("{FAE04EC0-301F-11D3-BF4B-00C04F79EFBC}") = "OrderTruckComparison.Test", "..\OrderTruckComparison.Test\OrderTruckComparison.Test.csproj", "{685B74E7-E5E7-44C8-ADF3-22A4733F329A}"
EndProject
Global
	GlobalSection(SolutionConfigurationPlatforms) = preSolution
		Debug|Any CPU = Debug|Any CPU
		Release|Any CPU = Release|Any CPU
	EndGlobalSection
	GlobalSection(ProjectConfigurationPlatforms) = postSolution
		{5D8D4ECA-BB06-4E95-9FDE-44EAAFB6F7F7}.Debug|Any CPU.ActiveCfg = Debug|Any CPU
		{5D8D4ECA-BB06-4E95-9FDE-44EAAFB6F7F7}.Debug|Any CPU.Build.0 = Debug|Any CPU
		{5D8D4ECA-BB06-4E95-9FDE-44EAAFB6F7F7}.Release|Any CPU.ActiveCfg = Release|Any CPU
		{5D8D4ECA-BB06-4E95-9FDE-44EAAFB6F7F7}.Release|Any CPU.Build.0 = Release|Any CPU
		{685B74E7-E5E7-44C8-ADF3-22A4733F329A}.Debug|Any CPU.ActiveCfg = Debug|Any CPU
		{685B74E7-E5E7-44C8-ADF3-22A4733F329A}.Debug|Any CPU.Build.0 = Debug|Any CPU
		{685B74E7-E5E7-44C8-ADF3-22A4733F329A}.Release|Any CPU.ActiveCfg = Release|Any CPU
		{685B74E7-E5E7-44C8-ADF3-22A4733F329A}.Release|Any CPU.Build.0 = Release|Any CPU
	EndGlobalSection
	GlobalSection(SolutionProperties) = preSolution
		HideSolutionNode = FALSE
	EndGlobalSection
	GlobalSection(ExtensibilityGlobals) = postSolution
		SolutionGuid = {20393C1A-6906-4087-AADC-90E4460AEA64}
	EndGlobalSection
EndGlobal
